
Microsoft Visual Studio Solution File, Format Version 12.00
# Visual Studio Version 17
VisualStudioVersion = 17.7.34202.233
MinimumVisualStudioVersion = 10.0.40219.1
Project("{FAE04EC0-301F-11D3-BF4B-00C04F79EFBC}") = "ToDo_REST_api", "ToDo_REST_api\ToDo_REST_api.csproj", "{7D6E4CEE-8ED2-45E2-B3FB-DA52465A1357}"
EndProject
Global
	GlobalSection(SolutionConfigurationPlatforms) = preSolution
		Debug|Any CPU = Debug|Any CPU
		Release|Any CPU = Release|Any CPU
	EndGlobalSection
	GlobalSection(ProjectConfigurationPlatforms) = postSolution
		{7D6E4CEE-8ED2-45E2-B3FB-DA52465A1357}.Debug|Any CPU.ActiveCfg = Debug|Any CPU
		{7D6E4CEE-8ED2-45E2-B3FB-DA52465A1357}.Debug|Any CPU.Build.0 = Debug|Any CPU
		{7D6E4CEE-8ED2-45E2-B3FB-DA52465A1357}.Release|Any CPU.ActiveCfg = Release|Any CPU
		{7D6E4CEE-8ED2-45E2-B3FB-DA52465A1357}.Release|Any CPU.Build.0 = Release|Any CPU
	EndGlobalSection
	GlobalSection(SolutionProperties) = preSolution
		HideSolutionNode = FALSE
	EndGlobalSection
	GlobalSection(ExtensibilityGlobals) = postSolution
		SolutionGuid = {17E57616-1343-4312-8751-64BDEC1F1478}
	EndGlobalSection
EndGlobal
